
Microsoft Visual Studio Solution File, Format Version 12.00
# Visual Studio Version 17
VisualStudioVersion = 17.13.35828.75
MinimumVisualStudioVersion = 10.0.40219.1
Project("{FAE04EC0-301F-11D3-BF4B-00C04F79EFBC}") = "Admin", "Admin\Admin.csproj", "{E1450702-6C34-4665-8F75-A5C54F64B41B}"
EndProject
Project("{FAE04EC0-301F-11D3-BF4B-00C04F79EFBC}") = "WebApp", "WebApp\WebApp.csproj", "{22FCC321-A5FA-48D9-B4C9-764203EF3DA8}"
EndProject
Global
	GlobalSection(SolutionConfigurationPlatforms) = preSolution
		Debug|Any CPU = Debug|Any CPU
		Release|Any CPU = Release|Any CPU
	EndGlobalSection
	GlobalSection(ProjectConfigurationPlatforms) = postSolution
		{E1450702-6C34-4665-8F75-A5C54F64B41B}.Debug|Any CPU.ActiveCfg = Debug|Any CPU
		{E1450702-6C34-4665-8F75-A5C54F64B41B}.Debug|Any CPU.Build.0 = Debug|Any CPU
		{E1450702-6C34-4665-8F75-A5C54F64B41B}.Release|Any CPU.ActiveCfg = Release|Any CPU
		{E1450702-6C34-4665-8F75-A5C54F64B41B}.Release|Any CPU.Build.0 = Release|Any CPU
		{22FCC321-A5FA-48D9-B4C9-764203EF3DA8}.Debug|Any CPU.ActiveCfg = Debug|Any CPU
		{22FCC321-A5FA-48D9-B4C9-764203EF3DA8}.Debug|Any CPU.Build.0 = Debug|Any CPU
		{22FCC321-A5FA-48D9-B4C9-764203EF3DA8}.Release|Any CPU.ActiveCfg = Release|Any CPU
		{22FCC321-A5FA-48D9-B4C9-764203EF3DA8}.Release|Any CPU.Build.0 = Release|Any CPU
	EndGlobalSection
	GlobalSection(SolutionProperties) = preSolution
		HideSolutionNode = FALSE
	EndGlobalSection
	GlobalSection(ExtensibilityGlobals) = postSolution
		SolutionGuid = {0AAC533C-2DF8-4CD1-96C3-0B6346760785}
	EndGlobalSection
EndGlobal
